
Microsoft Visual Studio Solution File, Format Version 12.00
# Visual Studio Version 17
VisualStudioVersion = 17.6.33723.286
MinimumVisualStudioVersion = 10.0.40219.1
Project("{FAE04EC0-301F-11D3-BF4B-00C04F79EFBC}") = "Zadanie 3", "Zadanie 3\Zadanie 3.csproj", "{FBD66988-47FB-4812-A883-F9EA00F4A2AD}"
EndProject
Global
	GlobalSection(SolutionConfigurationPlatforms) = preSolution
		Debug|Any CPU = Debug|Any CPU
		Release|Any CPU = Release|Any CPU
	EndGlobalSection
	GlobalSection(ProjectConfigurationPlatforms) = postSolution
		{FBD66988-47FB-4812-A883-F9EA00F4A2AD}.Debug|Any CPU.ActiveCfg = Debug|Any CPU
		{FBD66988-47FB-4812-A883-F9EA00F4A2AD}.Debug|Any CPU.Build.0 = Debug|Any CPU
		{FBD66988-47FB-4812-A883-F9EA00F4A2AD}.Release|Any CPU.ActiveCfg = Release|Any CPU
		{FBD66988-47FB-4812-A883-F9EA00F4A2AD}.Release|Any CPU.Build.0 = Release|Any CPU
	EndGlobalSection
	GlobalSection(SolutionProperties) = preSolution
		HideSolutionNode = FALSE
	EndGlobalSection
	GlobalSection(ExtensibilityGlobals) = postSolution
		SolutionGuid = {2BD8A744-DC69-41BA-9CB9-97A98CACBA5C}
	EndGlobalSection
EndGlobal
